
Microsoft Visual Studio Solution File, Format Version 12.00
# Visual Studio Version 17
VisualStudioVersion = 17.11.35222.181
MinimumVisualStudioVersion = 10.0.40219.1
Project("{FAE04EC0-301F-11D3-BF4B-00C04F79EFBC}") = "GuessingGame", "GuessingGame\GuessingGame.csproj", "{93E4BFE2-BD72-4FB6-8455-8DAB5F1F67CF}"
EndProject
Global
	GlobalSection(SolutionConfigurationPlatforms) = preSolution
		Debug|Any CPU = Debug|Any CPU
		Release|Any CPU = Release|Any CPU
	EndGlobalSection
	GlobalSection(ProjectConfigurationPlatforms) = postSolution
		{93E4BFE2-BD72-4FB6-8455-8DAB5F1F67CF}.Debug|Any CPU.ActiveCfg = Debug|Any CPU
		{93E4BFE2-BD72-4FB6-8455-8DAB5F1F67CF}.Debug|Any CPU.Build.0 = Debug|Any CPU
		{93E4BFE2-BD72-4FB6-8455-8DAB5F1F67CF}.Release|Any CPU.ActiveCfg = Release|Any CPU
		{93E4BFE2-BD72-4FB6-8455-8DAB5F1F67CF}.Release|Any CPU.Build.0 = Release|Any CPU
	EndGlobalSection
	GlobalSection(SolutionProperties) = preSolution
		HideSolutionNode = FALSE
	EndGlobalSection
	GlobalSection(ExtensibilityGlobals) = postSolution
		SolutionGuid = {4E554190-B9C7-4199-BD75-8DF50D6E28F3}
	EndGlobalSection
EndGlobal
